
Microsoft Visual Studio Solution File, Format Version 12.00
# Visual Studio Version 16
VisualStudioVersion = 16.0.31829.152
MinimumVisualStudioVersion = 10.0.40219.1
Project("{2150E333-8FDC-42A3-9474-1A3956D46DE8}") = "Solution Items", "Solution Items", "{5A1E0AC1-58D7-4F40-BAD3-7CFC53FC0B45}"
	ProjectSection(SolutionItems) = preProject
		Case Study - Senior Backend Engineer.pdf = Case Study - Senior Backend Engineer.pdf
		docker-compose.yml = docker-compose.yml
		Readme.Me = Readme.Me
	EndProjectSection
EndProject
Project("{2150E333-8FDC-42A3-9474-1A3956D46DE8}") = "Infrastructure", "Infrastructure", "{E22850F9-6F97-4BCD-9BF8-91999F792802}"
EndProject
Project("{9A19103F-16F7-4668-BE54-9A1E7A4F7556}") = "MessageBroker", "Infrastructure\MessageBroker\MessageBroker.csproj", "{2F4A0B7A-7A2A-4C83-A7F8-67A724BD11C5}"
EndProject
Project("{2150E333-8FDC-42A3-9474-1A3956D46DE8}") = "Models", "Models", "{6D619091-20D8-4878-8AFA-B2F916C70273}"
EndProject
Project("{9A19103F-16F7-4668-BE54-9A1E7A4F7556}") = "Entities", "Models\Models\Entities.csproj", "{A485820F-314B-491B-B64D-238A79DF4077}"
EndProject
Project("{9A19103F-16F7-4668-BE54-9A1E7A4F7556}") = "Events", "Models\Events\Events.csproj", "{BFA75869-BA6B-402C-AD2B-680F942DBCB3}"
EndProject
Project("{2150E333-8FDC-42A3-9474-1A3956D46DE8}") = "Services", "Services", "{4F8BB10C-E8DB-4A92-A822-599E6384BA67}"
EndProject
Project("{FAE04EC0-301F-11D3-BF4B-00C04F79EFBC}") = "AggregateGateway", "AggregateGateway\AggregateGateway.csproj", "{C7436F7E-1D16-462A-A949-EF0078BDFF59}"
EndProject
Global
	GlobalSection(SolutionConfigurationPlatforms) = preSolution
		Debug|Any CPU = Debug|Any CPU
		Release|Any CPU = Release|Any CPU
	EndGlobalSection
	GlobalSection(ProjectConfigurationPlatforms) = postSolution
		{2F4A0B7A-7A2A-4C83-A7F8-67A724BD11C5}.Debug|Any CPU.ActiveCfg = Debug|Any CPU
		{2F4A0B7A-7A2A-4C83-A7F8-67A724BD11C5}.Debug|Any CPU.Build.0 = Debug|Any CPU
		{2F4A0B7A-7A2A-4C83-A7F8-67A724BD11C5}.Release|Any CPU.ActiveCfg = Release|Any CPU
		{2F4A0B7A-7A2A-4C83-A7F8-67A724BD11C5}.Release|Any CPU.Build.0 = Release|Any CPU
		{A485820F-314B-491B-B64D-238A79DF4077}.Debug|Any CPU.ActiveCfg = Debug|Any CPU
		{A485820F-314B-491B-B64D-238A79DF4077}.Debug|Any CPU.Build.0 = Debug|Any CPU
		{A485820F-314B-491B-B64D-238A79DF4077}.Release|Any CPU.ActiveCfg = Release|Any CPU
		{A485820F-314B-491B-B64D-238A79DF4077}.Release|Any CPU.Build.0 = Release|Any CPU
		{BFA75869-BA6B-402C-AD2B-680F942DBCB3}.Debug|Any CPU.ActiveCfg = Debug|Any CPU
		{BFA75869-BA6B-402C-AD2B-680F942DBCB3}.Debug|Any CPU.Build.0 = Debug|Any CPU
		{BFA75869-BA6B-402C-AD2B-680F942DBCB3}.Release|Any CPU.ActiveCfg = Release|Any CPU
		{BFA75869-BA6B-402C-AD2B-680F942DBCB3}.Release|Any CPU.Build.0 = Release|Any CPU
		{C7436F7E-1D16-462A-A949-EF0078BDFF59}.Debug|Any CPU.ActiveCfg = Debug|Any CPU
		{C7436F7E-1D16-462A-A949-EF0078BDFF59}.Debug|Any CPU.Build.0 = Debug|Any CPU
		{C7436F7E-1D16-462A-A949-EF0078BDFF59}.Release|Any CPU.ActiveCfg = Release|Any CPU
		{C7436F7E-1D16-462A-A949-EF0078BDFF59}.Release|Any CPU.Build.0 = Release|Any CPU
	EndGlobalSection
	GlobalSection(SolutionProperties) = preSolution
		HideSolutionNode = FALSE
	EndGlobalSection
	GlobalSection(NestedProjects) = preSolution
		{2F4A0B7A-7A2A-4C83-A7F8-67A724BD11C5} = {E22850F9-6F97-4BCD-9BF8-91999F792802}
		{A485820F-314B-491B-B64D-238A79DF4077} = {6D619091-20D8-4878-8AFA-B2F916C70273}
		{BFA75869-BA6B-402C-AD2B-680F942DBCB3} = {6D619091-20D8-4878-8AFA-B2F916C70273}
		{C7436F7E-1D16-462A-A949-EF0078BDFF59} = {4F8BB10C-E8DB-4A92-A822-599E6384BA67}
	EndGlobalSection
	GlobalSection(ExtensibilityGlobals) = postSolution
		SolutionGuid = {989EDECF-D893-4FCF-9391-B6D7AAE757B5}
	EndGlobalSection
EndGlobal
